
Microsoft Visual Studio Solution File, Format Version 12.00
# Visual Studio 2012
Project("{FAE04EC0-301F-11D3-BF4B-00C04F79EFBC}") = "ShellSort", "ShellSort\ShellSort.csproj", "{9C149379-499D-4C57-9D07-AAFEC67DF437}"
EndProject
Global
	GlobalSection(SolutionConfigurationPlatforms) = preSolution
		Debug|Any CPU = Debug|Any CPU
		Release|Any CPU = Release|Any CPU
	EndGlobalSection
	GlobalSection(ProjectConfigurationPlatforms) = postSolution
		{9C149379-499D-4C57-9D07-AAFEC67DF437}.Debug|Any CPU.ActiveCfg = Debug|Any CPU
		{9C149379-499D-4C57-9D07-AAFEC67DF437}.Debug|Any CPU.Build.0 = Debug|Any CPU
		{9C149379-499D-4C57-9D07-AAFEC67DF437}.Release|Any CPU.ActiveCfg = Release|Any CPU
		{9C149379-499D-4C57-9D07-AAFEC67DF437}.Release|Any CPU.Build.0 = Release|Any CPU
	EndGlobalSection
EndGlobal
